PODS:
  - AppAuth (1.6.0):
    - AppAuth/Core (= 1.6.0)
    - AppAuth/ExternalUserAgent (= 1.6.0)
  - AppAuth/Core (1.6.0)
  - AppAuth/ExternalUserAgent (1.6.0):
    - AppAuth/Core
  - audio_session (0.0.1):
    - Flutter
  - camera_avfoundation (0.0.1):
    - Flutter
  - device_info (0.0.1):
    - Flutter
  - device_info_plus (0.0.1):
    - Flutter
  - DocumentReader (6.7.2863):
    - RegulaCommon (= 6.7.265)
  - DocumentReaderFullRFID (6.7.7286)
  - FaceCoreSDK (5.1.315)
  - FaceSDK (5.1.1386):
    - RegulaCommon (= 6.7.265)
  - Flutter (1.0.0)
  - flutter_appauth (0.0.1):
    - AppAuth (= 1.6.0)
    - Flutter
  - flutter_document_reader_api (6.7.3):
    - DocumentReader (= 6.7.2863)
    - Flutter
  - flutter_document_reader_core_fullrfid (6.7.0):
    - DocumentReaderFullRFID (= 6.7.7286)
    - Flutter
  - flutter_face_api (5.1.3):
    - FaceSDK (= 5.1.1386)
    - Flutter
  - flutter_face_core (5.1.0):
    - FaceCoreSDK (= 5.1.315)
    - Flutter
  - flutter_secure_storage (6.0.0):
    - Flutter
  - FMDB (2.7.5):
    - FMDB/standard (= 2.7.5)
  - FMDB/standard (2.7.5)
  - just_audio (0.0.1):
    - Flutter
  - local_auth_ios (0.0.1):
    - Flutter
  - open_settings (0.0.1):
    - Flutter
  - package_info_plus (0.4.5):
    - Flutter
  - path_provider_foundation (0.0.1):
    - Flutter
    - FlutterMacOS
  - platform_device_id (0.0.1):
    - Flutter
  - RegulaCommon (6.7.265)
  - smart_auth (0.0.1):
    - Flutter
  - sqflite (0.0.2):
    - Flutter
    - FMDB (>= 2.7.5)
  - url_launcher_ios (0.0.1):
    - Flutter
  - video_player_avfoundation (0.0.1):
    - Flutter
  - wakelock (0.0.1):
    - Flutter
  - webview_flutter_wkwebview (0.0.1):
    - Flutter

DEPENDENCIES:
  - audio_session (from `.symlinks/plugins/audio_session/ios`)
  - camera_avfoundation (from `.symlinks/plugins/camera_avfoundation/ios`)
  - device_info (from `.symlinks/plugins/device_info/ios`)
  - device_info_plus (from `.symlinks/plugins/device_info_plus/ios`)
  - Flutter (from `Flutter`)
  - flutter_appauth (from `.symlinks/plugins/flutter_appauth/ios`)
  - flutter_document_reader_api (from `.symlinks/plugins/flutter_document_reader_api/ios`)
  - flutter_document_reader_core_fullrfid (from `.symlinks/plugins/flutter_document_reader_core_fullrfid/ios`)
  - flutter_face_api (from `.symlinks/plugins/flutter_face_api/ios`)
  - flutter_face_core (from `.symlinks/plugins/flutter_face_core/ios`)
  - flutter_secure_storage (from `.symlinks/plugins/flutter_secure_storage/ios`)
  - just_audio (from `.symlinks/plugins/just_audio/ios`)
  - local_auth_ios (from `.symlinks/plugins/local_auth_ios/ios`)
  - open_settings (from `.symlinks/plugins/open_settings/ios`)
  - package_info_plus (from `.symlinks/plugins/package_info_plus/ios`)
  - path_provider_foundation (from `.symlinks/plugins/path_provider_foundation/ios`)
  - platform_device_id (from `.symlinks/plugins/platform_device_id/ios`)
  - smart_auth (from `.symlinks/plugins/smart_auth/ios`)
  - sqflite (from `.symlinks/plugins/sqflite/ios`)
  - url_launcher_ios (from `.symlinks/plugins/url_launcher_ios/ios`)
  - video_player_avfoundation (from `.symlinks/plugins/video_player_avfoundation/ios`)
  - wakelock (from `.symlinks/plugins/wakelock/ios`)
  - webview_flutter_wkwebview (from `.symlinks/plugins/webview_flutter_wkwebview/ios`)

SPEC REPOS:
  trunk:
    - AppAuth
    - DocumentReader
    - DocumentReaderFullRFID
    - FaceCoreSDK
    - FaceSDK
    - FMDB
    - RegulaCommon

EXTERNAL SOURCES:
  audio_session:
    :path: ".symlinks/plugins/audio_session/ios"
  camera_avfoundation:
    :path: ".symlinks/plugins/camera_avfoundation/ios"
  device_info:
    :path: ".symlinks/plugins/device_info/ios"
  device_info_plus:
    :path: ".symlinks/plugins/device_info_plus/ios"
  Flutter:
    :path: Flutter
  flutter_appauth:
    :path: ".symlinks/plugins/flutter_appauth/ios"
  flutter_document_reader_api:
    :path: ".symlinks/plugins/flutter_document_reader_api/ios"
  flutter_document_reader_core_fullrfid:
    :path: ".symlinks/plugins/flutter_document_reader_core_fullrfid/ios"
  flutter_face_api:
    :path: ".symlinks/plugins/flutter_face_api/ios"
  flutter_face_core:
    :path: ".symlinks/plugins/flutter_face_core/ios"
  flutter_secure_storage:
    :path: ".symlinks/plugins/flutter_secure_storage/ios"
  just_audio:
    :path: ".symlinks/plugins/just_audio/ios"
  local_auth_ios:
    :path: ".symlinks/plugins/local_auth_ios/ios"
  open_settings:
    :path: ".symlinks/plugins/open_settings/ios"
  package_info_plus:
    :path: ".symlinks/plugins/package_info_plus/ios"
  path_provider_foundation:
    :path: ".symlinks/plugins/path_provider_foundation/ios"
  platform_device_id:
    :path: ".symlinks/plugins/platform_device_id/ios"
  smart_auth:
    :path: ".symlinks/plugins/smart_auth/ios"
  sqflite:
    :path: ".symlinks/plugins/sqflite/ios"
  url_launcher_ios:
    :path: ".symlinks/plugins/url_launcher_ios/ios"
  video_player_avfoundation:
    :path: ".symlinks/plugins/video_player_avfoundation/ios"
  wakelock:
    :path: ".symlinks/plugins/wakelock/ios"
  webview_flutter_wkwebview:
    :path: ".symlinks/plugins/webview_flutter_wkwebview/ios"

SPEC CHECKSUMS:
  AppAuth: 8fca6b5563a5baef2c04bee27538025e4ceb2add
  audio_session: 4f3e461722055d21515cf3261b64c973c062f345
  camera_avfoundation: 3125e8cd1a4387f6f31c6c63abb8a55892a9eeeb
  device_info: d7d233b645a32c40dfdc212de5cf646ca482f175
  device_info_plus: e5c5da33f982a436e103237c0c85f9031142abed
  DocumentReader: 8166e13282a114dad33b0de12f26138b310f1165
  DocumentReaderFullRFID: 78e78e439b5abc2b83a4ae3a547292e9c3b878da
  FaceCoreSDK: 8c21e280b0e96d526ac6eccc20d6fbf360104d99
  FaceSDK: de93e9a7f03fd8dc319d490494f9a20178767e10
  Flutter: f04841e97a9d0b0a8025694d0796dd46242b2854
  flutter_appauth: 525652bda90e43ca5eb7ed748ecc106b79d1f5a1
  flutter_document_reader_api: 98dae1eb3f19d308b03f1b034ab38de020ddf084
  flutter_document_reader_core_fullrfid: 7b94f8bd55d895ce368b39302ab2cd2ae23cc88f
  flutter_face_api: 1b3d763ac9afcbbf9837696e6402e605e2141fb1
  flutter_face_core: a5b5564dbea45862b9e0e56145a146c6f09823e5
  flutter_secure_storage: 23fc622d89d073675f2eaa109381aefbcf5a49be
  FMDB: 2ce00b547f966261cd18927a3ddb07cb6f3db82a
  just_audio: baa7252489dbcf47a4c7cc9ca663e9661c99aafa
  local_auth_ios: c6cf091ded637a88f24f86a8875d8b0f526e2605
  open_settings: 9628e736cb2738fd1dc84159565755c214478158
  package_info_plus: 6c92f08e1f853dc01228d6f553146438dafcd14e
  path_provider_foundation: c68054786f1b4f3343858c1e1d0caaded73f0be9
  platform_device_id: 81b3e2993881f87d0c82ef151dc274df4869aef5
  RegulaCommon: 48ca5b920a2e9deee6a67850bfc990d3dcdd5577
  smart_auth: 4bedbc118723912d0e45a07e8ab34039c19e04f2
  sqflite: 6d358c025f5b867b29ed92fc697fd34924e11904
  url_launcher_ios: 08a3dfac5fb39e8759aeb0abbd5d9480f30fc8b4
  video_player_avfoundation: 81e49bb3d9fb63dccf9fa0f6d877dc3ddbeac126
  wakelock: d0fc7c864128eac40eba1617cb5264d9c940b46f
  webview_flutter_wkwebview: 2e2d318f21a5e036e2c3f26171342e95908bd60a

PODFILE CHECKSUM: fc467f3dcacad276d2917d8f81fd9ed981b61e9f

COCOAPODS: 1.12.1
